
Microsoft Visual Studio Solution File, Format Version 12.00
# Visual Studio 15
VisualStudioVersion = 15.0.28010.2050
MinimumVisualStudioVersion = 10.0.40219.1
Project("{FAE04EC0-301F-11D3-BF4B-00C04F79EFBC}") = "ColegioArceProject", "ColegioArceProject\ColegioArceProject.csproj", "{7B93AB37-7FD2-4E68-BF37-2AE863982357}"
EndProject
Global
	GlobalSection(SolutionConfigurationPlatforms) = preSolution
		Debug|Any CPU = Debug|Any CPU
		Release|Any CPU = Release|Any CPU
	EndGlobalSection
	GlobalSection(ProjectConfigurationPlatforms) = postSolution
		{7B93AB37-7FD2-4E68-BF37-2AE863982357}.Debug|Any CPU.ActiveCfg = Debug|Any CPU
		{7B93AB37-7FD2-4E68-BF37-2AE863982357}.Debug|Any CPU.Build.0 = Debug|Any CPU
		{7B93AB37-7FD2-4E68-BF37-2AE863982357}.Release|Any CPU.ActiveCfg = Release|Any CPU
		{7B93AB37-7FD2-4E68-BF37-2AE863982357}.Release|Any CPU.Build.0 = Release|Any CPU
	EndGlobalSection
	GlobalSection(SolutionProperties) = preSolution
		HideSolutionNode = FALSE
	EndGlobalSection
	GlobalSection(ExtensibilityGlobals) = postSolution
		SolutionGuid = {56C54C6F-4D51-423A-8687-B37AD484AB90}
	EndGlobalSection
EndGlobal
